// !$*UTF8*$!
{
	archiveVersion = 1;
	classes = {
	};
	objectVersion = 77;
	objects = {

/* Begin PBXContainerItemProxy section */
		31BAF3392E1275480052F8E6 /* PBXContainerItemProxy */ = {
			isa = PBXContainerItemProxy;
			containerPortal = 31BAF3202E1275450052F8E6 /* Project object */;
			proxyType = 1;
			remoteGlobalIDString = 31BAF3272E1275450052F8E6;
			remoteInfo = GuessTheBreed;
		};
		31BAF3432E1275480052F8E6 /* PBXContainerItemProxy */ = {
			isa = PBXContainerItemProxy;
			containerPortal = 31BAF3202E1275450052F8E6 /* Project object */;
			proxyType = 1;
			remoteGlobalIDString = 31BAF3272E1275450052F8E6;
			remoteInfo = GuessTheBreed;
		};
/* End PBXContainerItemProxy section */

/* Begin PBXFileReference section */
		31BAF3282E1275450052F8E6 /* GuessTheBreed.app */ = {isa = PBXFileReference; explicitFileType = wrapper.application; includeInIndex = 0; path = GuessTheBreed.app; sourceTree = BUILT_PRODUCTS_DIR; };
		31BAF3382E1275480052F8E6 /* GuessTheBreedTests.xctest */ = {isa = PBXFileReference; explicitFileType = wrapper.cfbundle; includeInIndex = 0; path = GuessTheBreedTests.xctest; sourceTree = BUILT_PRODUCTS_DIR; };
		31BAF3422E1275480052F8E6 /* GuessTheBreedUITests.xctest */ = {isa = PBXFileReference; explicitFileType = wrapper.cfbundle; includeInIndex = 0; path = GuessTheBreedUITests.xctest; sourceTree = BUILT_PRODUCTS_DIR; };
/* End PBXFileReference section */

/* Begin PBXFileSystemSynchronizedRootGroup section */
		31BAF32A2E1275450052F8E6 /* GuessTheBreed */ = {
			isa = PBXFileSystemSynchronizedRootGroup;
			path = GuessTheBreed;
			sourceTree = "<group>";
		};
		31BAF33B2E1275480052F8E6 /* GuessTheBreedTests */ = {
			isa = PBXFileSystemSynchronizedRootGroup;
			path = GuessTheBreedTests;
			sourceTree = "<group>";
		};
		31BAF3452E1275480052F8E6 /* GuessTheBreedUITests */ = {
			isa = PBXFileSystemSynchronizedRootGroup;
			path = GuessTheBreedUITests;
			sourceTree = "<group>";
		};
/* End PBXFileSystemSynchronizedRootGroup section */

/* Begin PBXFrameworksBuildPhase section */
		31BAF3252E1275450052F8E6 /* Frameworks */ = {
			isa = PBXFrameworksBuildPhase;
			buildActionMask = 2147483647;
			files = (
			);
			runOnlyForDeploymentPostprocessing = 0;
		};
		31BAF3352E1275480052F8E6 /* Frameworks */ = {
			isa = PBXFrameworksBuildPhase;
			buildActionMask = 2147483647;
			files = (
			);
			runOnlyForDeploymentPostprocessing = 0;
		};
		31BAF33F2E1275480052F8E6 /* Frameworks */ = {
			isa = PBXFrameworksBuildPhase;
			buildActionMask = 2147483647;
			files = (
			);
			runOnlyForDeploymentPostprocessing = 0;
		};
/* End PBXFrameworksBuildPhase section */

/* Begin PBXGroup section */
		31BAF31F2E1275450052F8E6 = {
			isa = PBXGroup;
			children = (
				31BAF32A2E1275450052F8E6 /* GuessTheBreed */,
				31BAF33B2E1275480052F8E6 /* GuessTheBreedTests */,
				31BAF3452E1275480052F8E6 /* GuessTheBreedUITests */,
				31BAF3292E1275450052F8E6 /* Products */,
			);
			sourceTree = "<group>";
		};
		31BAF3292E1275450052F8E6 /* Products */ = {
			isa = PBXGroup;
			children = (
				31BAF3282E1275450052F8E6 /* GuessTheBreed.app */,
				31BAF3382E1275480052F8E6 /* GuessTheBreedTests.xctest */,
				31BAF3422E1275480052F8E6 /* GuessTheBreedUITests.xctest */,
			);
			name = Products;
			sourceTree = "<group>";
		};
/* End PBXGroup section */

/* Begin PBXNativeTarget section */
		31BAF3272E1275450052F8E6 /* GuessTheBreed */ = {
			isa = PBXNativeTarget;
			buildConfigurationList = 31BAF34C2E1275480052F8E6 /* Build configuration list for PBXNativeTarget "GuessTheBreed" */;
			buildPhases = (
				31BAF3242E1275450052F8E6 /* Sources */,
				31BAF3252E1275450052F8E6 /* Frameworks */,
				31BAF3262E1275450052F8E6 /* Resources */,
			);
			buildRules = (
			);
			dependencies = (
			);
			fileSystemSynchronizedGroups = (
				31BAF32A2E1275450052F8E6 /* GuessTheBreed */,
			);
			name = GuessTheBreed;
			packageProductDependencies = (
			);
			productName = GuessTheBreed;
			productReference = 31BAF3282E1275450052F8E6 /* GuessTheBreed.app */;
			productType = "com.apple.product-type.application";
		};
		31BAF3372E1275480052F8E6 /* GuessTheBreedTests */ = {
			isa = PBXNativeTarget;
			buildConfigurationList = 31BAF34F2E1275480052F8E6 /* Build configuration list for PBXNativeTarget "GuessTheBreedTests" */;
			buildPhases = (
				31BAF3342E1275480052F8E6 /* Sources */,
				31BAF3352E1275480052F8E6 /* Frameworks */,
				31BAF3362E1275480052F8E6 /* Resources */,
			);
			buildRules = (
			);
			dependencies = (
				31BAF33A2E1275480052F8E6 /* PBXTargetDependency */,
			);
			fileSystemSynchronizedGroups = (
				31BAF33B2E1275480052F8E6 /* GuessTheBreedTests */,
			);
			name = GuessTheBreedTests;
			packageProductDependencies = (
			);
			productName = GuessTheBreedTests;
			productReference = 31BAF3382E1275480052F8E6 /* GuessTheBreedTests.xctest */;
			productType = "com.apple.product-type.bundle.unit-test";
		};
		31BAF3412E1275480052F8E6 /* GuessTheBreedUITests */ = {
			isa = PBXNativeTarget;
			buildConfigurationList = 31BAF3522E1275480052F8E6 /* Build configuration list for PBXNativeTarget "GuessTheBreedUITests" */;
			buildPhases = (
				31BAF33E2E1275480052F8E6 /* Sources */,
				31BAF33F2E1275480052F8E6 /* Frameworks */,
				31BAF3402E1275480052F8E6 /* Resources */,
			);
			buildRules = (
			);
			dependencies = (
				31BAF3442E1275480052F8E6 /* PBXTargetDependency */,
			);
			fileSystemSynchronizedGroups = (
				31BAF3452E1275480052F8E6 /* GuessTheBreedUITests */,
			);
			name = GuessTheBreedUITests;
			packageProductDependencies = (
			);
			productName = GuessTheBreedUITests;
			productReference = 31BAF3422E1275480052F8E6 /* GuessTheBreedUITests.xctest */;
			productType = "com.apple.product-type.bundle.ui-testing";
		};
/* End PBXNativeTarget section */

/* Begin PBXProject section */
		31BAF3202E1275450052F8E6 /* Project object */ = {
			isa = PBXProject;
			attributes = {
				BuildIndependentTargetsInParallel = 1;
				LastSwiftUpdateCheck = 1610;
				LastUpgradeCheck = 1610;
				TargetAttributes = {
					31BAF3272E1275450052F8E6 = {
						CreatedOnToolsVersion = 16.1;
					};
					31BAF3372E1275480052F8E6 = {
						CreatedOnToolsVersion = 16.1;
						TestTargetID = 31BAF3272E1275450052F8E6;
					};
					31BAF3412E1275480052F8E6 = {
						CreatedOnToolsVersion = 16.1;
						TestTargetID = 31BAF3272E1275450052F8E6;
					};
				};
			};
			buildConfigurationList = 31BAF3232E1275450052F8E6 /* Build configuration list for PBXProject "GuessTheBreed" */;
			developmentRegion = en;
			hasScannedForEncodings = 0;
			knownRegions = (
				en,
				Base,
			);
			mainGroup = 31BAF31F2E1275450052F8E6;
			minimizedProjectReferenceProxies = 1;
			preferredProjectObjectVersion = 77;
			productRefGroup = 31BAF3292E1275450052F8E6 /* Products */;
			projectDirPath = "";
			projectRoot = "";
			targets = (
				31BAF3272E1275450052F8E6 /* GuessTheBreed */,
				31BAF3372E1275480052F8E6 /* GuessTheBreedTests */,
				31BAF3412E1275480052F8E6 /* GuessTheBreedUITests */,
			);
		};
/* End PBXProject section */

/* Begin PBXResourcesBuildPhase section */
		31BAF3262E1275450052F8E6 /* Resources */ = {
			isa = PBXResourcesBuildPhase;
			buildActionMask = 2147483647;
			files = (
			);
			runOnlyForDeploymentPostprocessing = 0;
		};
		31BAF3362E1275480052F8E6 /* Resources */ = {
			isa = PBXResourcesBuildPhase;
			buildActionMask = 2147483647;
			files = (
			);
			runOnlyForDeploymentPostprocessing = 0;
		};
		31BAF3402E1275480052F8E6 /* Resources */ = {
			isa = PBXResourcesBuildPhase;
			buildActionMask = 2147483647;
			files = (
			);
			runOnlyForDeploymentPostprocessing = 0;
		};
/* End PBXResourcesBuildPhase section */

/* Begin PBXSourcesBuildPhase section */
		31BAF3242E1275450052F8E6 /* Sources */ = {
			isa = PBXSourcesBuildPhase;
			buildActionMask = 2147483647;
			files = (
			);
			runOnlyForDeploymentPostprocessing = 0;
		};
		31BAF3342E1275480052F8E6 /* Sources */ = {
			isa = PBXSourcesBuildPhase;
			buildActionMask = 2147483647;
			files = (
			);
			runOnlyForDeploymentPostprocessing = 0;
		};
		31BAF33E2E1275480052F8E6 /* Sources */ = {
			isa = PBXSourcesBuildPhase;
			buildActionMask = 2147483647;
			files = (
			);
			runOnlyForDeploymentPostprocessing = 0;
		};
/* End PBXSourcesBuildPhase section */

/* Begin PBXTargetDependency section */
		31BAF33A2E1275480052F8E6 /* PBXTargetDependency */ = {
			isa = PBXTargetDependency;
			target = 31BAF3272E1275450052F8E6 /* GuessTheBreed */;
			targetProxy = 31BAF3392E1275480052F8E6 /* PBXContainerItemProxy */;
		};
		31BAF3442E1275480052F8E6 /* PBXTargetDependency */ = {
			isa = PBXTargetDependency;
			target = 31BAF3272E1275450052F8E6 /* GuessTheBreed */;
			targetProxy = 31BAF3432E1275480052F8E6 /* PBXContainerItemProxy */;
		};
/* End PBXTargetDependency section */

/* Begin XCBuildConfiguration section */
		31BAF34A2E1275480052F8E6 /* Debug */ = {
			isa = XCBuildConfiguration;
			buildSettings = {
				ALWAYS_SEARCH_USER_PATHS = NO;
				ASSETCATALOG_COMPILER_GENERATE_SWIFT_ASSET_SYMBOL_EXTENSIONS = YES;
				CLANG_ANALYZER_NONNULL = YES;
				CLANG_ANALYZER_NUMBER_OBJECT_CONVERSION = YES_AGGRESSIVE;
				CLANG_CXX_LANGUAGE_STANDARD = "gnu++20";
				CLANG_ENABLE_MODULES = YES;
				CLANG_ENABLE_OBJC_ARC = YES;
				CLANG_ENABLE_OBJC_WEAK = YES;
				CLANG_WARN_BLOCK_CAPTURE_AUTORELEASING = YES;
				CLANG_WARN_BOOL_CONVERSION = YES;
				CLANG_WARN_COMMA = YES;
				CLANG_WARN_CONSTANT_CONVERSION = YES;
				CLANG_WARN_DEPRECATED_OBJC_IMPLEMENTATIONS = YES;
				CLANG_WARN_DIRECT_OBJC_ISA_USAGE = YES_ERROR;
				CLANG_WARN_DOCUMENTATION_COMMENTS = YES;
				CLANG_WARN_EMPTY_BODY = YES;
				CLANG_WARN_ENUM_CONVERSION = YES;
				CLANG_WARN_INFINITE_RECURSION = YES;
				CLANG_WARN_INT_CONVERSION = YES;
				CLANG_WARN_NON_LITERAL_NULL_CONVERSION = YES;
				CLANG_WARN_OBJC_IMPLICIT_RETAIN_SELF = YES;
				CLANG_WARN_OBJC_LITERAL_CONVERSION = YES;
				CLANG_WARN_OBJC_ROOT_CLASS = YES_ERROR;
				CLANG_WARN_QUOTED_INCLUDE_IN_FRAMEWORK_HEADER = YES;
				CLANG_WARN_RANGE_LOOP_ANALYSIS = YES;
				CLANG_WARN_STRICT_PROTOTYPES = YES;
				CLANG_WARN_SUSPICIOUS_MOVE = YES;
				CLANG_WARN_UNGUARDED_AVAILABILITY = YES_AGGRESSIVE;
				CLANG_WARN_UNREACHABLE_CODE = YES;
				CLANG_WARN__DUPLICATE_METHOD_MATCH = YES;
				COPY_PHASE_STRIP = NO;
				DEBUG_INFORMATION_FORMAT = dwarf;
				ENABLE_STRICT_OBJC_MSGSEND = YES;
				ENABLE_TESTABILITY = YES;
				ENABLE_USER_SCRIPT_SANDBOXING = YES;
				GCC_C_LANGUAGE_STANDARD = gnu17;
				GCC_DYNAMIC_NO_PIC = NO;
				GCC_NO_COMMON_BLOCKS = YES;
				GCC_OPTIMIZATION_LEVEL = 0;
				GCC_PREPROCESSOR_DEFINITIONS = (
					"DEBUG=1",
					"$(inherited)",
				);
				GCC_WARN_64_TO_32_BIT_CONVERSION = YES;
				GCC_WARN_ABOUT_RETURN_TYPE = YES_ERROR;
				GCC_WARN_UNDECLARED_SELECTOR = YES;
				GCC_WARN_UNINITIALIZED_AUTOS = YES_AGGRESSIVE;
				GCC_WARN_UNUSED_FUNCTION = YES;
				GCC_WARN_UNUSED_VARIABLE = YES;
				IPHONEOS_DEPLOYMENT_TARGET = 18.1;
				LOCALIZATION_PREFERS_STRING_CATALOGS = YES;
				MTL_ENABLE_DEBUG_INFO = INCLUDE_SOURCE;
				MTL_FAST_MATH = YES;
				ONLY_ACTIVE_ARCH = YES;
				SDKROOT = iphoneos;
				SWIFT_ACTIVE_COMPILATION_CONDITIONS = "DEBUG $(inherited)";
				SWIFT_OPTIMIZATION_LEVEL = "-Onone";
			};
			name = Debug;
		};
		31BAF34B2E1275480052F8E6 /* Release */ = {
			isa = XCBuildConfiguration;
			buildSettings = {
				ALWAYS_SEARCH_USER_PATHS = NO;
				ASSETCATALOG_COMPILER_GENERATE_SWIFT_ASSET_SYMBOL_EXTENSIONS = YES;
				CLANG_ANALYZER_NONNULL = YES;
				CLANG_ANALYZER_NUMBER_OBJECT_CONVERSION = YES_AGGRESSIVE;
				CLANG_CXX_LANGUAGE_STANDARD = "gnu++20";
				CLANG_ENABLE_MODULES = YES;
				CLANG_ENABLE_OBJC_ARC = YES;
				CLANG_ENABLE_OBJC_WEAK = YES;
				CLANG_WARN_BLOCK_CAPTURE_AUTORELEASING = YES;
				CLANG_WARN_BOOL_CONVERSION = YES;
				CLANG_WARN_COMMA = YES;
				CLANG_WARN_CONSTANT_CONVERSION = YES;
				CLANG_WARN_DEPRECATED_OBJC_IMPLEMENTATIONS = YES;
				CLANG_WARN_DIRECT_OBJC_ISA_USAGE = YES_ERROR;
				CLANG_WARN_DOCUMENTATION_COMMENTS = YES;
				CLANG_WARN_EMPTY_BODY = YES;
				CLANG_WARN_ENUM_CONVERSION = YES;
				CLANG_WARN_INFINITE_RECURSION = YES;
				CLANG_WARN_INT_CONVERSION = YES;
				CLANG_WARN_NON_LITERAL_NULL_CONVERSION = YES;
				CLANG_WARN_OBJC_IMPLICIT_RETAIN_SELF = YES;
				CLANG_WARN_OBJC_LITERAL_CONVERSION = YES;
				CLANG_WARN_OBJC_ROOT_CLASS = YES_ERROR;
				CLANG_WARN_QUOTED_INCLUDE_IN_FRAMEWORK_HEADER = YES;
				CLANG_WARN_RANGE_LOOP_ANALYSIS = YES;
				CLANG_WARN_STRICT_PROTOTYPES = YES;
				CLANG_WARN_SUSPICIOUS_MOVE = YES;
				CLANG_WARN_UNGUARDED_AVAILABILITY = YES_AGGRESSIVE;
				CLANG_WARN_UNREACHABLE_CODE = YES;
				CLANG_WARN__DUPLICATE_METHOD_MATCH = YES;
				COPY_PHASE_STRIP = NO;
				DEBUG_INFORMATION_FORMAT = "dwarf-with-dsym";
				ENABLE_NS_ASSERTIONS = NO;
				ENABLE_STRICT_OBJC_MSGSEND = YES;
				ENABLE_USER_SCRIPT_SANDBOXING = YES;
				GCC_C_LANGUAGE_STANDARD = gnu17;
				GCC_NO_COMMON_BLOCKS = YES;
				GCC_WARN_64_TO_32_BIT_CONVERSION = YES;
				GCC_WARN_ABOUT_RETURN_TYPE = YES_ERROR;
				GCC_WARN_UNDECLARED_SELECTOR = YES;
				GCC_WARN_UNINITIALIZED_AUTOS = YES_AGGRESSIVE;
				GCC_WARN_UNUSED_FUNCTION = YES;
				GCC_WARN_UNUSED_VARIABLE = YES;
				IPHONEOS_DEPLOYMENT_TARGET = 18.1;
				LOCALIZATION_PREFERS_STRING_CATALOGS = YES;
				MTL_ENABLE_DEBUG_INFO = NO;
				MTL_FAST_MATH = YES;
				SDKROOT = iphoneos;
				SWIFT_COMPILATION_MODE = wholemodule;
				VALIDATE_PRODUCT = YES;
			};
			name = Release;
		};
		31BAF34D2E1275480052F8E6 /* Debug */ = {
			isa = XCBuildConfiguration;
			buildSettings = {
				ASSETCATALOG_COMPILER_APPICON_NAME = AppIcon;
				ASSETCATALOG_COMPILER_GLOBAL_ACCENT_COLOR_NAME = AccentColor;
				CODE_SIGN_STYLE = Automatic;
				CURRENT_PROJECT_VERSION = 1;
				DEVELOPMENT_ASSET_PATHS = "\"GuessTheBreed/Preview Content\"";
				DEVELOPMENT_TEAM = XX4TVRGL9W;
				ENABLE_PREVIEWS = YES;
				GENERATE_INFOPLIST_FILE = YES;
				INFOPLIST_KEY_UIApplicationSceneManifest_Generation = YES;
				INFOPLIST_KEY_UIApplicationSupportsIndirectInputEvents = YES;
				INFOPLIST_KEY_UILaunchScreen_Generation = YES;
				INFOPLIST_KEY_UISupportedInterfaceOrientations_iPad = "UIInterfaceOrientationPortrait UIInterfaceOrientationPortraitUpsideDown UIInterfaceOrientationLandscapeLeft UIInterfaceOrientationLandscapeRight";
				INFOPLIST_KEY_UISupportedInterfaceOrientations_iPhone = "UIInterfaceOrientationPortrait UIInterfaceOrientationLandscapeLeft UIInterfaceOrientationLandscapeRight";
				LD_RUNPATH_SEARCH_PATHS = (
					"$(inherited)",
					"@executable_path/Frameworks",
				);
				MARKETING_VERSION = 1.0;
				PRODUCT_BUNDLE_IDENTIFIER = ruofan.GuessTheBreed;
				PRODUCT_NAME = "$(TARGET_NAME)";
				SWIFT_EMIT_LOC_STRINGS = YES;
				SWIFT_VERSION = 5.0;
				TARGETED_DEVICE_FAMILY = "1,2";
			};
			name = Debug;
		};
		31BAF34E2E1275480052F8E6 /* Release */ = {
			isa = XCBuildConfiguration;
			buildSettings = {
				ASSETCATALOG_COMPILER_APPICON_NAME = AppIcon;
				ASSETCATALOG_COMPILER_GLOBAL_ACCENT_COLOR_NAME = AccentColor;
				CODE_SIGN_STYLE = Automatic;
				CURRENT_PROJECT_VERSION = 1;
				DEVELOPMENT_ASSET_PATHS = "\"GuessTheBreed/Preview Content\"";
				DEVELOPMENT_TEAM = XX4TVRGL9W;
				ENABLE_PREVIEWS = YES;
				GENERATE_INFOPLIST_FILE = YES;
				INFOPLIST_KEY_UIApplicationSceneManifest_Generation = YES;
				INFOPLIST_KEY_UIApplicationSupportsIndirectInputEvents = YES;
				INFOPLIST_KEY_UILaunchScreen_Generation = YES;
				INFOPLIST_KEY_UISupportedInterfaceOrientations_iPad = "UIInterfaceOrientationPortrait UIInterfaceOrientationPortraitUpsideDown UIInterfaceOrientationLandscapeLeft UIInterfaceOrientationLandscapeRight";
				INFOPLIST_KEY_UISupportedInterfaceOrientations_iPhone = "UIInterfaceOrientationPortrait UIInterfaceOrientationLandscapeLeft UIInterfaceOrientationLandscapeRight";
				LD_RUNPATH_SEARCH_PATHS = (
					"$(inherited)",
					"@executable_path/Frameworks",
				);
				MARKETING_VERSION = 1.0;
				PRODUCT_BUNDLE_IDENTIFIER = ruofan.GuessTheBreed;
				PRODUCT_NAME = "$(TARGET_NAME)";
				SWIFT_EMIT_LOC_STRINGS = YES;
				SWIFT_VERSION = 5.0;
				TARGETED_DEVICE_FAMILY = "1,2";
			};
			name = Release;
		};
		31BAF3502E1275480052F8E6 /* Debug */ = {
			isa = XCBuildConfiguration;
			buildSettings = {
				BUNDLE_LOADER = "$(TEST_HOST)";
				CODE_SIGN_STYLE = Automatic;
				CURRENT_PROJECT_VERSION = 1;
				DEVELOPMENT_TEAM = XX4TVRGL9W;
				GENERATE_INFOPLIST_FILE = YES;
				IPHONEOS_DEPLOYMENT_TARGET = 18.1;
				MARKETING_VERSION = 1.0;
				PRODUCT_BUNDLE_IDENTIFIER = ruofan.GuessTheBreedTests;
				PRODUCT_NAME = "$(TARGET_NAME)";
				SWIFT_EMIT_LOC_STRINGS = NO;
				SWIFT_VERSION = 5.0;
				TARGETED_DEVICE_FAMILY = "1,2";
				TEST_HOST = "$(BUILT_PRODUCTS_DIR)/GuessTheBreed.app/$(BUNDLE_EXECUTABLE_FOLDER_PATH)/GuessTheBreed";
			};
			name = Debug;
		};
		31BAF3512E1275480052F8E6 /* Release */ = {
			isa = XCBuildConfiguration;
			buildSettings = {
				BUNDLE_LOADER = "$(TEST_HOST)";
				CODE_SIGN_STYLE = Automatic;
				CURRENT_PROJECT_VERSION = 1;
				DEVELOPMENT_TEAM = XX4TVRGL9W;
				GENERATE_INFOPLIST_FILE = YES;
				IPHONEOS_DEPLOYMENT_TARGET = 18.1;
				MARKETING_VERSION = 1.0;
				PRODUCT_BUNDLE_IDENTIFIER = ruofan.GuessTheBreedTests;
				PRODUCT_NAME = "$(TARGET_NAME)";
				SWIFT_EMIT_LOC_STRINGS = NO;
				SWIFT_VERSION = 5.0;
				TARGETED_DEVICE_FAMILY = "1,2";
				TEST_HOST = "$(BUILT_PRODUCTS_DIR)/GuessTheBreed.app/$(BUNDLE_EXECUTABLE_FOLDER_PATH)/GuessTheBreed";
			};
			name = Release;
		};
		31BAF3532E1275480052F8E6 /* Debug */ = {
			isa = XCBuildConfiguration;
			buildSettings = {
				CODE_SIGN_STYLE = Automatic;
				CURRENT_PROJECT_VERSION = 1;
				DEVELOPMENT_TEAM = XX4TVRGL9W;
				GENERATE_INFOPLIST_FILE = YES;
				MARKETING_VERSION = 1.0;
				PRODUCT_BUNDLE_IDENTIFIER = ruofan.GuessTheBreedUITests;
				PRODUCT_NAME = "$(TARGET_NAME)";
				SWIFT_EMIT_LOC_STRINGS = NO;
				SWIFT_VERSION = 5.0;
				TARGETED_DEVICE_FAMILY = "1,2";
				TEST_TARGET_NAME = GuessTheBreed;
			};
			name = Debug;
		};
		31BAF3542E1275480052F8E6 /* Release */ = {
			isa = XCBuildConfiguration;
			buildSettings = {
				CODE_SIGN_STYLE = Automatic;
				CURRENT_PROJECT_VERSION = 1;
				DEVELOPMENT_TEAM = XX4TVRGL9W;
				GENERATE_INFOPLIST_FILE = YES;
				MARKETING_VERSION = 1.0;
				PRODUCT_BUNDLE_IDENTIFIER = ruofan.GuessTheBreedUITests;
				PRODUCT_NAME = "$(TARGET_NAME)";
				SWIFT_EMIT_LOC_STRINGS = NO;
				SWIFT_VERSION = 5.0;
				TARGETED_DEVICE_FAMILY = "1,2";
				TEST_TARGET_NAME = GuessTheBreed;
			};
			name = Release;
		};
/* End XCBuildConfiguration section */

/* Begin XCConfigurationList section */
		31BAF3232E1275450052F8E6 /* Build configuration list for PBXProject "GuessTheBreed" */ = {
			isa = XCConfigurationList;
			buildConfigurations = (
				31BAF34A2E1275480052F8E6 /* Debug */,
				31BAF34B2E1275480052F8E6 /* Release */,
			);
			defaultConfigurationIsVisible = 0;
			defaultConfigurationName = Release;
		};
		31BAF34C2E1275480052F8E6 /* Build configuration list for PBXNativeTarget "GuessTheBreed" */ = {
			isa = XCConfigurationList;
			buildConfigurations = (
				31BAF34D2E1275480052F8E6 /* Debug */,
				31BAF34E2E1275480052F8E6 /* Release */,
			);
			defaultConfigurationIsVisible = 0;
			defaultConfigurationName = Release;
		};
		31BAF34F2E1275480052F8E6 /* Build configuration list for PBXNativeTarget "GuessTheBreedTests" */ = {
			isa = XCConfigurationList;
			buildConfigurations = (
				31BAF3502E1275480052F8E6 /* Debug */,
				31BAF3512E1275480052F8E6 /* Release */,
			);
			defaultConfigurationIsVisible = 0;
			defaultConfigurationName = Release;
		};
		31BAF3522E1275480052F8E6 /* Build configuration list for PBXNativeTarget "GuessTheBreedUITests" */ = {
			isa = XCConfigurationList;
			buildConfigurations = (
				31BAF3532E1275480052F8E6 /* Debug */,
				31BAF3542E1275480052F8E6 /* Release */,
			);
			defaultConfigurationIsVisible = 0;
			defaultConfigurationName = Release;
		};
/* End XCConfigurationList section */
	};
	rootObject = 31BAF3202E1275450052F8E6 /* Project object */;
}
